// !$*UTF8*$!
{
	archiveVersion = 1;
	classes = {
	};
	objectVersion = 46;
	objects = {

/* Begin PBXBuildFile section */
		B3A3F72E1E400D7400F84D30 /* AppDelegate.swift in Sources */ = {isa = PBXBuildFile; fileRef = B3A3F72D1E400D7400F84D30 /* AppDelegate.swift */; };
		B3A3F7301E400D7400F84D30 /* Assets.xcassets in Resources */ = {isa = PBXBuildFile; fileRef = B3A3F72F1E400D7400F84D30 /* Assets.xcassets */; };
		B3A3F7331E400D7400F84D30 /* LaunchScreen.storyboard in Resources */ = {isa = PBXBuildFile; fileRef = B3A3F7311E400D7400F84D30 /* LaunchScreen.storyboard */; };
		B3A3F73B1E40103B00F84D30 /* Redux.framework in Frameworks */ = {isa = PBXBuildFile; fileRef = B3A3F73A1E40103B00F84D30 /* Redux.framework */; };
		B3A3F73C1E40103B00F84D30 /* Redux.framework in Embed Frameworks */ = {isa = PBXBuildFile; fileRef = B3A3F73A1E40103B00F84D30 /* Redux.framework */; settings = {ATTRIBUTES = (CodeSignOnCopy, RemoveHeadersOnCopy, ); }; };
		B3A3F7411E4010F100F84D30 /* Repository.swift in Sources */ = {isa = PBXBuildFile; fileRef = B3A3F7401E4010F100F84D30 /* Repository.swift */; };
		B3A3F7441E40201200F84D30 /* RepositoryTableViewCell.swift in Sources */ = {isa = PBXBuildFile; fileRef = B3A3F7431E40201200F84D30 /* RepositoryTableViewCell.swift */; };
		B3A3F7461E4022F200F84D30 /* RepositoriesView.swift in Sources */ = {isa = PBXBuildFile; fileRef = B3A3F7451E4022F200F84D30 /* RepositoriesView.swift */; };
		B3A3F7491E40245800F84D30 /* RepositoriesViewController.swift in Sources */ = {isa = PBXBuildFile; fileRef = B3A3F7481E40245800F84D30 /* RepositoriesViewController.swift */; };
		B3A3F74C1E40253100F84D30 /* RepositoryDetails.swift in Sources */ = {isa = PBXBuildFile; fileRef = B3A3F74B1E40253100F84D30 /* RepositoryDetails.swift */; };
		B3A3F7521E402BF300F84D30 /* AppRedux.swift in Sources */ = {isa = PBXBuildFile; fileRef = B3A3F7511E402BF300F84D30 /* AppRedux.swift */; };
/* End PBXBuildFile section */

/* Begin PBXCopyFilesBuildPhase section */
		B3A3F73D1E40103B00F84D30 /* Embed Frameworks */ = {
			isa = PBXCopyFilesBuildPhase;
			buildActionMask = 2147483647;
			dstPath = "";
			dstSubfolderSpec = 10;
			files = (
				B3A3F73C1E40103B00F84D30 /* Redux.framework in Embed Frameworks */,
			);
			name = "Embed Frameworks";
			runOnlyForDeploymentPostprocessing = 0;
		};
/* End PBXCopyFilesBuildPhase section */

/* Begin PBXFileReference section */
		B3A3F72A1E400D7400F84D30 /* GitHubClient.app */ = {isa = PBXFileReference; explicitFileType = wrapper.application; includeInIndex = 0; path = GitHubClient.app; sourceTree = BUILT_PRODUCTS_DIR; };
		B3A3F72D1E400D7400F84D30 /* AppDelegate.swift */ = {isa = PBXFileReference; lastKnownFileType = sourcecode.swift; path = AppDelegate.swift; sourceTree = "<group>"; };
		B3A3F72F1E400D7400F84D30 /* Assets.xcassets */ = {isa = PBXFileReference; lastKnownFileType = folder.assetcatalog; path = Assets.xcassets; sourceTree = "<group>"; };
		B3A3F7321E400D7400F84D30 /* Base */ = {isa = PBXFileReference; lastKnownFileType = file.storyboard; name = Base; path = Base.lproj/LaunchScreen.storyboard; sourceTree = "<group>"; };
		B3A3F7341E400D7400F84D30 /* Info.plist */ = {isa = PBXFileReference; lastKnownFileType = text.plist.xml; path = Info.plist; sourceTree = "<group>"; };
		B3A3F73A1E40103B00F84D30 /* Redux.framework */ = {isa = PBXFileReference; explicitFileType = wrapper.framework; path = Redux.framework; sourceTree = BUILT_PRODUCTS_DIR; };
		B3A3F7401E4010F100F84D30 /* Repository.swift */ = {isa = PBXFileReference; fileEncoding = 4; lastKnownFileType = sourcecode.swift; path = Repository.swift; sourceTree = "<group>"; };
		B3A3F7431E40201200F84D30 /* RepositoryTableViewCell.swift */ = {isa = PBXFileReference; fileEncoding = 4; lastKnownFileType = sourcecode.swift; path = RepositoryTableViewCell.swift; sourceTree = "<group>"; };
		B3A3F7451E4022F200F84D30 /* RepositoriesView.swift */ = {isa = PBXFileReference; fileEncoding = 4; lastKnownFileType = sourcecode.swift; path = RepositoriesView.swift; sourceTree = "<group>"; };
		B3A3F7481E40245800F84D30 /* RepositoriesViewController.swift */ = {isa = PBXFileReference; fileEncoding = 4; lastKnownFileType = sourcecode.swift; path = RepositoriesViewController.swift; sourceTree = "<group>"; };
		B3A3F74B1E40253100F84D30 /* RepositoryDetails.swift */ = {isa = PBXFileReference; fileEncoding = 4; lastKnownFileType = sourcecode.swift; path = RepositoryDetails.swift; sourceTree = "<group>"; };
		B3A3F7511E402BF300F84D30 /* AppRedux.swift */ = {isa = PBXFileReference; fileEncoding = 4; lastKnownFileType = sourcecode.swift; path = AppRedux.swift; sourceTree = "<group>"; };
/* End PBXFileReference section */

/* Begin PBXFrameworksBuildPhase section */
		B3A3F7271E400D7400F84D30 /* Frameworks */ = {
			isa = PBXFrameworksBuildPhase;
			buildActionMask = 2147483647;
			files = (
				B3A3F73B1E40103B00F84D30 /* Redux.framework in Frameworks */,
			);
			runOnlyForDeploymentPostprocessing = 0;
		};
/* End PBXFrameworksBuildPhase section */

/* Begin PBXGroup section */
		B3A3F7211E400D7400F84D30 = {
			isa = PBXGroup;
			children = (
				B3A3F73E1E40104800F84D30 /* Frameworks */,
				B3A3F72C1E400D7400F84D30 /* GitHubClient */,
				B3A3F72B1E400D7400F84D30 /* Products */,
			);
			sourceTree = "<group>";
		};
		B3A3F72B1E400D7400F84D30 /* Products */ = {
			isa = PBXGroup;
			children = (
				B3A3F72A1E400D7400F84D30 /* GitHubClient.app */,
			);
			name = Products;
			sourceTree = "<group>";
		};
		B3A3F72C1E400D7400F84D30 /* GitHubClient */ = {
			isa = PBXGroup;
			children = (
				B3A3F73F1E4010DF00F84D30 /* Models */,
				B3A3F7501E402BE900F84D30 /* Redux */,
				B3A3F7471E40244C00F84D30 /* ViewControllers */,
				B3A3F74A1E40252A00F84D30 /* ViewModels */,
				B3A3F7421E40200600F84D30 /* Views */,
				B3A3F72D1E400D7400F84D30 /* AppDelegate.swift */,
				B3A3F72F1E400D7400F84D30 /* Assets.xcassets */,
				B3A3F7341E400D7400F84D30 /* Info.plist */,
				B3A3F7311E400D7400F84D30 /* LaunchScreen.storyboard */,
			);
			path = GitHubClient;
			sourceTree = "<group>";
		};
		B3A3F73E1E40104800F84D30 /* Frameworks */ = {
			isa = PBXGroup;
			children = (
				B3A3F73A1E40103B00F84D30 /* Redux.framework */,
			);
			name = Frameworks;
			sourceTree = "<group>";
		};
		B3A3F73F1E4010DF00F84D30 /* Models */ = {
			isa = PBXGroup;
			children = (
				B3A3F7401E4010F100F84D30 /* Repository.swift */,
			);
			path = Models;
			sourceTree = "<group>";
		};
		B3A3F7421E40200600F84D30 /* Views */ = {
			isa = PBXGroup;
			children = (
				B3A3F7451E4022F200F84D30 /* RepositoriesView.swift */,
				B3A3F7431E40201200F84D30 /* RepositoryTableViewCell.swift */,
			);
			path = Views;
			sourceTree = "<group>";
		};
		B3A3F7471E40244C00F84D30 /* ViewControllers */ = {
			isa = PBXGroup;
			children = (
				B3A3F7481E40245800F84D30 /* RepositoriesViewController.swift */,
			);
			path = ViewControllers;
			sourceTree = "<group>";
		};
		B3A3F74A1E40252A00F84D30 /* ViewModels */ = {
			isa = PBXGroup;
			children = (
				B3A3F74B1E40253100F84D30 /* RepositoryDetails.swift */,
			);
			path = ViewModels;
			sourceTree = "<group>";
		};
		B3A3F7501E402BE900F84D30 /* Redux */ = {
			isa = PBXGroup;
			children = (
				B3A3F7511E402BF300F84D30 /* AppRedux.swift */,
			);
			name = Redux;
			path = Redux;
			sourceTree = "<group>";
		};
/* End PBXGroup section */

/* Begin PBXNativeTarget section */
		B3A3F7291E400D7400F84D30 /* GitHubClient */ = {
			isa = PBXNativeTarget;
			buildConfigurationList = B3A3F7371E400D7400F84D30 /* Build configuration list for PBXNativeTarget "GitHubClient" */;
			buildPhases = (
				B3A3F7261E400D7400F84D30 /* Sources */,
				B3A3F7271E400D7400F84D30 /* Frameworks */,
				B3A3F7281E400D7400F84D30 /* Resources */,
				B3A3F73D1E40103B00F84D30 /* Embed Frameworks */,
			);
			buildRules = (
			);
			dependencies = (
			);
			name = GitHubClient;
			productName = GitHubClient;
			productReference = B3A3F72A1E400D7400F84D30 /* GitHubClient.app */;
			productType = "com.apple.product-type.application";
		};
/* End PBXNativeTarget section */

/* Begin PBXProject section */
		B3A3F7221E400D7400F84D30 /* Project object */ = {
			isa = PBXProject;
			attributes = {
				LastSwiftUpdateCheck = 0820;
				LastUpgradeCheck = 0820;
				ORGANIZATIONNAME = Sympla;
				TargetAttributes = {
					B3A3F7291E400D7400F84D30 = {
						CreatedOnToolsVersion = 8.2.1;
						ProvisioningStyle = Automatic;
					};
				};
			};
			buildConfigurationList = B3A3F7251E400D7400F84D30 /* Build configuration list for PBXProject "GitHubClient" */;
			compatibilityVersion = "Xcode 3.2";
			developmentRegion = English;
			hasScannedForEncodings = 0;
			knownRegions = (
				en,
				Base,
			);
			mainGroup = B3A3F7211E400D7400F84D30;
			productRefGroup = B3A3F72B1E400D7400F84D30 /* Products */;
			projectDirPath = "";
			projectRoot = "";
			targets = (
				B3A3F7291E400D7400F84D30 /* GitHubClient */,
			);
		};
/* End PBXProject section */

/* Begin PBXResourcesBuildPhase section */
		B3A3F7281E400D7400F84D30 /* Resources */ = {
			isa = PBXResourcesBuildPhase;
			buildActionMask = 2147483647;
			files = (
				B3A3F7301E400D7400F84D30 /* Assets.xcassets in Resources */,
				B3A3F7331E400D7400F84D30 /* LaunchScreen.storyboard in Resources */,
			);
			runOnlyForDeploymentPostprocessing = 0;
		};
/* End PBXResourcesBuildPhase section */

/* Begin PBXSourcesBuildPhase section */
		B3A3F7261E400D7400F84D30 /* Sources */ = {
			isa = PBXSourcesBuildPhase;
			buildActionMask = 2147483647;
			files = (
				B3A3F7461E4022F200F84D30 /* RepositoriesView.swift in Sources */,
				B3A3F7491E40245800F84D30 /* RepositoriesViewController.swift in Sources */,
				B3A3F74C1E40253100F84D30 /* RepositoryDetails.swift in Sources */,
				B3A3F7441E40201200F84D30 /* RepositoryTableViewCell.swift in Sources */,
				B3A3F72E1E400D7400F84D30 /* AppDelegate.swift in Sources */,
				B3A3F7411E4010F100F84D30 /* Repository.swift in Sources */,
				B3A3F7521E402BF300F84D30 /* AppRedux.swift in Sources */,
			);
			runOnlyForDeploymentPostprocessing = 0;
		};
/* End PBXSourcesBuildPhase section */

/* Begin PBXVariantGroup section */
		B3A3F7311E400D7400F84D30 /* LaunchScreen.storyboard */ = {
			isa = PBXVariantGroup;
			children = (
				B3A3F7321E400D7400F84D30 /* Base */,
			);
			name = LaunchScreen.storyboard;
			path = .;
			sourceTree = "<group>";
		};
/* End PBXVariantGroup section */

/* Begin XCBuildConfiguration section */
		B3A3F7351E400D7400F84D30 /* Debug */ = {
			isa = XCBuildConfiguration;
			buildSettings = {
				ALWAYS_SEARCH_USER_PATHS = NO;
				CLANG_ANALYZER_NONNULL = YES;
				CLANG_CXX_LANGUAGE_STANDARD = "gnu++0x";
				CLANG_CXX_LIBRARY = "libc++";
				CLANG_ENABLE_MODULES = YES;
				CLANG_ENABLE_OBJC_ARC = YES;
				CLANG_WARN_BOOL_CONVERSION = YES;
				CLANG_WARN_CONSTANT_CONVERSION = YES;
				CLANG_WARN_DIRECT_OBJC_ISA_USAGE = YES_ERROR;
				CLANG_WARN_DOCUMENTATION_COMMENTS = YES;
				CLANG_WARN_EMPTY_BODY = YES;
				CLANG_WARN_ENUM_CONVERSION = YES;
				CLANG_WARN_INFINITE_RECURSION = YES;
				CLANG_WARN_INT_CONVERSION = YES;
				CLANG_WARN_OBJC_ROOT_CLASS = YES_ERROR;
				CLANG_WARN_SUSPICIOUS_MOVE = YES;
				CLANG_WARN_UNREACHABLE_CODE = YES;
				CLANG_WARN__DUPLICATE_METHOD_MATCH = YES;
				"CODE_SIGN_IDENTITY[sdk=iphoneos*]" = "iPhone Developer";
				COPY_PHASE_STRIP = NO;
				DEBUG_INFORMATION_FORMAT = dwarf;
				ENABLE_STRICT_OBJC_MSGSEND = YES;
				ENABLE_TESTABILITY = YES;
				GCC_C_LANGUAGE_STANDARD = gnu99;
				GCC_DYNAMIC_NO_PIC = NO;
				GCC_NO_COMMON_BLOCKS = YES;
				GCC_OPTIMIZATION_LEVEL = 0;
				GCC_PREPROCESSOR_DEFINITIONS = (
					"DEBUG=1",
					"$(inherited)",
				);
				GCC_WARN_64_TO_32_BIT_CONVERSION = YES;
				GCC_WARN_ABOUT_RETURN_TYPE = YES_ERROR;
				GCC_WARN_UNDECLARED_SELECTOR = YES;
				GCC_WARN_UNINITIALIZED_AUTOS = YES_AGGRESSIVE;
				GCC_WARN_UNUSED_FUNCTION = YES;
				GCC_WARN_UNUSED_VARIABLE = YES;
				IPHONEOS_DEPLOYMENT_TARGET = 10.2;
				MTL_ENABLE_DEBUG_INFO = YES;
				ONLY_ACTIVE_ARCH = YES;
				SDKROOT = iphoneos;
				SWIFT_ACTIVE_COMPILATION_CONDITIONS = DEBUG;
				SWIFT_OPTIMIZATION_LEVEL = "-Onone";
				TARGETED_DEVICE_FAMILY = "1,2";
			};
			name = Debug;
		};
		B3A3F7361E400D7400F84D30 /* Release */ = {
			isa = XCBuildConfiguration;
			buildSettings = {
				ALWAYS_SEARCH_USER_PATHS = NO;
				CLANG_ANALYZER_NONNULL = YES;
				CLANG_CXX_LANGUAGE_STANDARD = "gnu++0x";
				CLANG_CXX_LIBRARY = "libc++";
				CLANG_ENABLE_MODULES = YES;
				CLANG_ENABLE_OBJC_ARC = YES;
				CLANG_WARN_BOOL_CONVERSION = YES;
				CLANG_WARN_CONSTANT_CONVERSION = YES;
				CLANG_WARN_DIRECT_OBJC_ISA_USAGE = YES_ERROR;
				CLANG_WARN_DOCUMENTATION_COMMENTS = YES;
				CLANG_WARN_EMPTY_BODY = YES;
				CLANG_WARN_ENUM_CONVERSION = YES;
				CLANG_WARN_INFINITE_RECURSION = YES;
				CLANG_WARN_INT_CONVERSION = YES;
				CLANG_WARN_OBJC_ROOT_CLASS = YES_ERROR;
				CLANG_WARN_SUSPICIOUS_MOVE = YES;
				CLANG_WARN_UNREACHABLE_CODE = YES;
				CLANG_WARN__DUPLICATE_METHOD_MATCH = YES;
				"CODE_SIGN_IDENTITY[sdk=iphoneos*]" = "iPhone Developer";
				COPY_PHASE_STRIP = NO;
				DEBUG_INFORMATION_FORMAT = "dwarf-with-dsym";
				ENABLE_NS_ASSERTIONS = NO;
				ENABLE_STRICT_OBJC_MSGSEND = YES;
				GCC_C_LANGUAGE_STANDARD = gnu99;
				GCC_NO_COMMON_BLOCKS = YES;
				GCC_WARN_64_TO_32_BIT_CONVERSION = YES;
				GCC_WARN_ABOUT_RETURN_TYPE = YES_ERROR;
				GCC_WARN_UNDECLARED_SELECTOR = YES;
				GCC_WARN_UNINITIALIZED_AUTOS = YES_AGGRESSIVE;
				GCC_WARN_UNUSED_FUNCTION = YES;
				GCC_WARN_UNUSED_VARIABLE = YES;
				IPHONEOS_DEPLOYMENT_TARGET = 10.2;
				MTL_ENABLE_DEBUG_INFO = NO;
				SDKROOT = iphoneos;
				SWIFT_OPTIMIZATION_LEVEL = "-Owholemodule";
				TARGETED_DEVICE_FAMILY = "1,2";
				VALIDATE_PRODUCT = YES;
			};
			name = Release;
		};
		B3A3F7381E400D7400F84D30 /* Debug */ = {
			isa = XCBuildConfiguration;
			buildSettings = {
				ASSETCATALOG_COMPILER_APPICON_NAME = AppIcon;
				INFOPLIST_FILE = GitHubClient/Info.plist;
				LD_RUNPATH_SEARCH_PATHS = "$(inherited) @executable_path/Frameworks";
				PRODUCT_BUNDLE_IDENTIFIER = br.com.sympla.GitHubClient;
				PRODUCT_NAME = "$(TARGET_NAME)";
				SWIFT_VERSION = 3.0;
				TARGETED_DEVICE_FAMILY = 1;
			};
			name = Debug;
		};
		B3A3F7391E400D7400F84D30 /* Release */ = {
			isa = XCBuildConfiguration;
			buildSettings = {
				ASSETCATALOG_COMPILER_APPICON_NAME = AppIcon;
				INFOPLIST_FILE = GitHubClient/Info.plist;
				LD_RUNPATH_SEARCH_PATHS = "$(inherited) @executable_path/Frameworks";
				PRODUCT_BUNDLE_IDENTIFIER = br.com.sympla.GitHubClient;
				PRODUCT_NAME = "$(TARGET_NAME)";
				SWIFT_VERSION = 3.0;
				TARGETED_DEVICE_FAMILY = 1;
			};
			name = Release;
		};
/* End XCBuildConfiguration section */

/* Begin XCConfigurationList section */
		B3A3F7251E400D7400F84D30 /* Build configuration list for PBXProject "GitHubClient" */ = {
			isa = XCConfigurationList;
			buildConfigurations = (
				B3A3F7351E400D7400F84D30 /* Debug */,
				B3A3F7361E400D7400F84D30 /* Release */,
			);
			defaultConfigurationIsVisible = 0;
			defaultConfigurationName = Release;
		};
		B3A3F7371E400D7400F84D30 /* Build configuration list for PBXNativeTarget "GitHubClient" */ = {
			isa = XCConfigurationList;
			buildConfigurations = (
				B3A3F7381E400D7400F84D30 /* Debug */,
				B3A3F7391E400D7400F84D30 /* Release */,
			);
			defaultConfigurationIsVisible = 0;
			defaultConfigurationName = Release;
		};
/* End XCConfigurationList section */
	};
	rootObject = B3A3F7221E400D7400F84D30 /* Project object */;
}
